// !$*UTF8*$!
{
	archiveVersion = 1;
	classes = {
	};
	objectVersion = 50;
	objects = {

/* Begin PBXBuildFile section */
		8E068A2C2137FAD3008E365C /* AppDelegate.swift in Sources */ = {isa = PBXBuildFile; fileRef = 8E068A2B2137FAD3008E365C /* AppDelegate.swift */; };
		8E068A2E2137FAD3008E365C /* ViewController.swift in Sources */ = {isa = PBXBuildFile; fileRef = 8E068A2D2137FAD3008E365C /* ViewController.swift */; };
		8E068A312137FAD3008E365C /* Main.storyboard in Resources */ = {isa = PBXBuildFile; fileRef = 8E068A2F2137FAD3008E365C /* Main.storyboard */; };
		8E068A332137FAD3008E365C /* Assets.xcassets in Resources */ = {isa = PBXBuildFile; fileRef = 8E068A322137FAD3008E365C /* Assets.xcassets */; };
		8E068A362137FAD3008E365C /* LaunchScreen.storyboard in Resources */ = {isa = PBXBuildFile; fileRef = 8E068A342137FAD3008E365C /* LaunchScreen.storyboard */; };
		8E068A402137FEB2008E365C /* Models.scnassets in Resources */ = {isa = PBXBuildFile; fileRef = 8E068A3F2137FEB2008E365C /* Models.scnassets */; };
/* End PBXBuildFile section */

/* Begin PBXFileReference section */
		8E068A282137FAD3008E365C /* rakutencard-Man.app */ = {isa = PBXFileReference; explicitFileType = wrapper.application; includeInIndex = 0; path = "rakutencard-Man.app"; sourceTree = BUILT_PRODUCTS_DIR; };
		8E068A2B2137FAD3008E365C /* AppDelegate.swift */ = {isa = PBXFileReference; lastKnownFileType = sourcecode.swift; path = AppDelegate.swift; sourceTree = "<group>"; };
		8E068A2D2137FAD3008E365C /* ViewController.swift */ = {isa = PBXFileReference; lastKnownFileType = sourcecode.swift; path = ViewController.swift; sourceTree = "<group>"; };
		8E068A302137FAD3008E365C /* Base */ = {isa = PBXFileReference; lastKnownFileType = file.storyboard; name = Base; path = Base.lproj/Main.storyboard; sourceTree = "<group>"; };
		8E068A322137FAD3008E365C /* Assets.xcassets */ = {isa = PBXFileReference; lastKnownFileType = folder.assetcatalog; path = Assets.xcassets; sourceTree = "<group>"; };
		8E068A352137FAD3008E365C /* Base */ = {isa = PBXFileReference; lastKnownFileType = file.storyboard; name = Base; path = Base.lproj/LaunchScreen.storyboard; sourceTree = "<group>"; };
		8E068A372137FAD3008E365C /* Info.plist */ = {isa = PBXFileReference; lastKnownFileType = text.plist.xml; path = Info.plist; sourceTree = "<group>"; };
		8E068A3F2137FEB2008E365C /* Models.scnassets */ = {isa = PBXFileReference; lastKnownFileType = wrapper.scnassets; path = Models.scnassets; sourceTree = "<group>"; };
		8EE30F42213830C500771D9B /* README.md */ = {isa = PBXFileReference; lastKnownFileType = net.daringfireball.markdown; path = README.md; sourceTree = "<group>"; };
/* End PBXFileReference section */

/* Begin PBXFrameworksBuildPhase section */
		8E068A252137FAD3008E365C /* Frameworks */ = {
			isa = PBXFrameworksBuildPhase;
			buildActionMask = 2147483647;
			files = (
			);
			runOnlyForDeploymentPostprocessing = 0;
		};
/* End PBXFrameworksBuildPhase section */

/* Begin PBXGroup section */
		8E068A1F2137FAD3008E365C = {
			isa = PBXGroup;
			children = (
				8E068A2A2137FAD3008E365C /* rakutencard-Man */,
				8E068A292137FAD3008E365C /* Products */,
				8EE30F42213830C500771D9B /* README.md */,
			);
			sourceTree = "<group>";
		};
		8E068A292137FAD3008E365C /* Products */ = {
			isa = PBXGroup;
			children = (
				8E068A282137FAD3008E365C /* rakutencard-Man.app */,
			);
			name = Products;
			sourceTree = "<group>";
		};
		8E068A2A2137FAD3008E365C /* rakutencard-Man */ = {
			isa = PBXGroup;
			children = (
				8E068A2B2137FAD3008E365C /* AppDelegate.swift */,
				8E068A2D2137FAD3008E365C /* ViewController.swift */,
				8E068A2F2137FAD3008E365C /* Main.storyboard */,
				8E068A322137FAD3008E365C /* Assets.xcassets */,
				8E068A3F2137FEB2008E365C /* Models.scnassets */,
				8E068A342137FAD3008E365C /* LaunchScreen.storyboard */,
				8E068A372137FAD3008E365C /* Info.plist */,
			);
			path = "rakutencard-Man";
			sourceTree = "<group>";
		};
/* End PBXGroup section */

/* Begin PBXNativeTarget section */
		8E068A272137FAD3008E365C /* rakutencard-Man */ = {
			isa = PBXNativeTarget;
			buildConfigurationList = 8E068A3A2137FAD3008E365C /* Build configuration list for PBXNativeTarget "rakutencard-Man" */;
			buildPhases = (
				8E068A242137FAD3008E365C /* Sources */,
				8E068A252137FAD3008E365C /* Frameworks */,
				8E068A262137FAD3008E365C /* Resources */,
			);
			buildRules = (
			);
			dependencies = (
			);
			name = "rakutencard-Man";
			productName = "rakutencard-Man";
			productReference = 8E068A282137FAD3008E365C /* rakutencard-Man.app */;
			productType = "com.apple.product-type.application";
		};
/* End PBXNativeTarget section */

/* Begin PBXProject section */
		8E068A202137FAD3008E365C /* Project object */ = {
			isa = PBXProject;
			attributes = {
				LastSwiftUpdateCheck = 0940;
				LastUpgradeCheck = 0940;
				ORGANIZATIONNAME = tukuyo;
				TargetAttributes = {
					8E068A272137FAD3008E365C = {
						CreatedOnToolsVersion = 9.4.1;
					};
				};
			};
			buildConfigurationList = 8E068A232137FAD3008E365C /* Build configuration list for PBXProject "rakutencard-Man" */;
			compatibilityVersion = "Xcode 9.3";
			developmentRegion = en;
			hasScannedForEncodings = 0;
			knownRegions = (
				en,
				Base,
			);
			mainGroup = 8E068A1F2137FAD3008E365C;
			productRefGroup = 8E068A292137FAD3008E365C /* Products */;
			projectDirPath = "";
			projectRoot = "";
			targets = (
				8E068A272137FAD3008E365C /* rakutencard-Man */,
			);
		};
/* End PBXProject section */

/* Begin PBXResourcesBuildPhase section */
		8E068A262137FAD3008E365C /* Resources */ = {
			isa = PBXResourcesBuildPhase;
			buildActionMask = 2147483647;
			files = (
				8E068A362137FAD3008E365C /* LaunchScreen.storyboard in Resources */,
				8E068A402137FEB2008E365C /* Models.scnassets in Resources */,
				8E068A332137FAD3008E365C /* Assets.xcassets in Resources */,
				8E068A312137FAD3008E365C /* Main.storyboard in Resources */,
			);
			runOnlyForDeploymentPostprocessing = 0;
		};
/* End PBXResourcesBuildPhase section */

/* Begin PBXSourcesBuildPhase section */
		8E068A242137FAD3008E365C /* Sources */ = {
			isa = PBXSourcesBuildPhase;
			buildActionMask = 2147483647;
			files = (
				8E068A2E2137FAD3008E365C /* ViewController.swift in Sources */,
				8E068A2C2137FAD3008E365C /* AppDelegate.swift in Sources */,
			);
			runOnlyForDeploymentPostprocessing = 0;
		};
/* End PBXSourcesBuildPhase section */

/* Begin PBXVariantGroup section */
		8E068A2F2137FAD3008E365C /* Main.storyboard */ = {
			isa = PBXVariantGroup;
			children = (
				8E068A302137FAD3008E365C /* Base */,
			);
			name = Main.storyboard;
			sourceTree = "<group>";
		};
		8E068A342137FAD3008E365C /* LaunchScreen.storyboard */ = {
			isa = PBXVariantGroup;
			children = (
				8E068A352137FAD3008E365C /* Base */,
			);
			name = LaunchScreen.storyboard;
			sourceTree = "<group>";
		};
/* End PBXVariantGroup section */

/* Begin XCBuildConfiguration section */
		8E068A382137FAD3008E365C /* Debug */ = {
			isa = XCBuildConfiguration;
			buildSettings = {
				ALWAYS_SEARCH_USER_PATHS = NO;
				CLANG_ANALYZER_LOCALIZABILITY_NONLOCALIZED = YES;
				CLANG_ANALYZER_NONNULL = YES;
				CLANG_ANALYZER_NUMBER_OBJECT_CONVERSION = YES_AGGRESSIVE;
				CLANG_CXX_LANGUAGE_STANDARD = "gnu++14";
				CLANG_CXX_LIBRARY = "libc++";
				CLANG_ENABLE_MODULES = YES;
				CLANG_ENABLE_OBJC_ARC = YES;
				CLANG_ENABLE_OBJC_WEAK = YES;
				CLANG_WARN_BLOCK_CAPTURE_AUTORELEASING = YES;
				CLANG_WARN_BOOL_CONVERSION = YES;
				CLANG_WARN_COMMA = YES;
				CLANG_WARN_CONSTANT_CONVERSION = YES;
				CLANG_WARN_DEPRECATED_OBJC_IMPLEMENTATIONS = YES;
				CLANG_WARN_DIRECT_OBJC_ISA_USAGE = YES_ERROR;
				CLANG_WARN_DOCUMENTATION_COMMENTS = YES;
				CLANG_WARN_EMPTY_BODY = YES;
				CLANG_WARN_ENUM_CONVERSION = YES;
				CLANG_WARN_INFINITE_RECURSION = YES;
				CLANG_WARN_INT_CONVERSION = YES;
				CLANG_WARN_NON_LITERAL_NULL_CONVERSION = YES;
				CLANG_WARN_OBJC_IMPLICIT_RETAIN_SELF = YES;
				CLANG_WARN_OBJC_LITERAL_CONVERSION = YES;
				CLANG_WARN_OBJC_ROOT_CLASS = YES_ERROR;
				CLANG_WARN_RANGE_LOOP_ANALYSIS = YES;
				CLANG_WARN_STRICT_PROTOTYPES = YES;
				CLANG_WARN_SUSPICIOUS_MOVE = YES;
				CLANG_WARN_UNGUARDED_AVAILABILITY = YES_AGGRESSIVE;
				CLANG_WARN_UNREACHABLE_CODE = YES;
				CLANG_WARN__DUPLICATE_METHOD_MATCH = YES;
				CODE_SIGN_IDENTITY = "iPhone Developer";
				COPY_PHASE_STRIP = NO;
				DEBUG_INFORMATION_FORMAT = dwarf;
				ENABLE_STRICT_OBJC_MSGSEND = YES;
				ENABLE_TESTABILITY = YES;
				GCC_C_LANGUAGE_STANDARD = gnu11;
				GCC_DYNAMIC_NO_PIC = NO;
				GCC_NO_COMMON_BLOCKS = YES;
				GCC_OPTIMIZATION_LEVEL = 0;
				GCC_PREPROCESSOR_DEFINITIONS = (
					"DEBUG=1",
					"$(inherited)",
				);
				GCC_WARN_64_TO_32_BIT_CONVERSION = YES;
				GCC_WARN_ABOUT_RETURN_TYPE = YES_ERROR;
				GCC_WARN_UNDECLARED_SELECTOR = YES;
				GCC_WARN_UNINITIALIZED_AUTOS = YES_AGGRESSIVE;
				GCC_WARN_UNUSED_FUNCTION = YES;
				GCC_WARN_UNUSED_VARIABLE = YES;
				IPHONEOS_DEPLOYMENT_TARGET = 11.4;
				MTL_ENABLE_DEBUG_INFO = YES;
				ONLY_ACTIVE_ARCH = YES;
				SDKROOT = iphoneos;
				SWIFT_ACTIVE_COMPILATION_CONDITIONS = DEBUG;
				SWIFT_OPTIMIZATION_LEVEL = "-Onone";
			};
			name = Debug;
		};
		8E068A392137FAD3008E365C /* Release */ = {
			isa = XCBuildConfiguration;
			buildSettings = {
				ALWAYS_SEARCH_USER_PATHS = NO;
				CLANG_ANALYZER_LOCALIZABILITY_NONLOCALIZED = YES;
				CLANG_ANALYZER_NONNULL = YES;
				CLANG_ANALYZER_NUMBER_OBJECT_CONVERSION = YES_AGGRESSIVE;
				CLANG_CXX_LANGUAGE_STANDARD = "gnu++14";
				CLANG_CXX_LIBRARY = "libc++";
				CLANG_ENABLE_MODULES = YES;
				CLANG_ENABLE_OBJC_ARC = YES;
				CLANG_ENABLE_OBJC_WEAK = YES;
				CLANG_WARN_BLOCK_CAPTURE_AUTORELEASING = YES;
				CLANG_WARN_BOOL_CONVERSION = YES;
				CLANG_WARN_COMMA = YES;
				CLANG_WARN_CONSTANT_CONVERSION = YES;
				CLANG_WARN_DEPRECATED_OBJC_IMPLEMENTATIONS = YES;
				CLANG_WARN_DIRECT_OBJC_ISA_USAGE = YES_ERROR;
				CLANG_WARN_DOCUMENTATION_COMMENTS = YES;
				CLANG_WARN_EMPTY_BODY = YES;
				CLANG_WARN_ENUM_CONVERSION = YES;
				CLANG_WARN_INFINITE_RECURSION = YES;
				CLANG_WARN_INT_CONVERSION = YES;
				CLANG_WARN_NON_LITERAL_NULL_CONVERSION = YES;
				CLANG_WARN_OBJC_IMPLICIT_RETAIN_SELF = YES;
				CLANG_WARN_OBJC_LITERAL_CONVERSION = YES;
				CLANG_WARN_OBJC_ROOT_CLASS = YES_ERROR;
				CLANG_WARN_RANGE_LOOP_ANALYSIS = YES;
				CLANG_WARN_STRICT_PROTOTYPES = YES;
				CLANG_WARN_SUSPICIOUS_MOVE = YES;
				CLANG_WARN_UNGUARDED_AVAILABILITY = YES_AGGRESSIVE;
				CLANG_WARN_UNREACHABLE_CODE = YES;
				CLANG_WARN__DUPLICATE_METHOD_MATCH = YES;
				CODE_SIGN_IDENTITY = "iPhone Developer";
				COPY_PHASE_STRIP = NO;
				DEBUG_INFORMATION_FORMAT = "dwarf-with-dsym";
				ENABLE_NS_ASSERTIONS = NO;
				ENABLE_STRICT_OBJC_MSGSEND = YES;
				GCC_C_LANGUAGE_STANDARD = gnu11;
				GCC_NO_COMMON_BLOCKS = YES;
				GCC_WARN_64_TO_32_BIT_CONVERSION = YES;
				GCC_WARN_ABOUT_RETURN_TYPE = YES_ERROR;
				GCC_WARN_UNDECLARED_SELECTOR = YES;
				GCC_WARN_UNINITIALIZED_AUTOS = YES_AGGRESSIVE;
				GCC_WARN_UNUSED_FUNCTION = YES;
				GCC_WARN_UNUSED_VARIABLE = YES;
				IPHONEOS_DEPLOYMENT_TARGET = 11.4;
				MTL_ENABLE_DEBUG_INFO = NO;
				SDKROOT = iphoneos;
				SWIFT_COMPILATION_MODE = wholemodule;
				SWIFT_OPTIMIZATION_LEVEL = "-O";
				VALIDATE_PRODUCT = YES;
			};
			name = Release;
		};
		8E068A3B2137FAD3008E365C /* Debug */ = {
			isa = XCBuildConfiguration;
			buildSettings = {
				ASSETCATALOG_COMPILER_APPICON_NAME = AppIcon;
				CODE_SIGN_STYLE = Automatic;
				DEVELOPMENT_TEAM = YXA6U83V29;
				INFOPLIST_FILE = "rakutencard-Man/Info.plist";
				LD_RUNPATH_SEARCH_PATHS = (
					"$(inherited)",
					"@executable_path/Frameworks",
				);
				PRODUCT_BUNDLE_IDENTIFIER = "net.tukuyo.rakutencard-Man";
				PRODUCT_NAME = "$(TARGET_NAME)";
				SWIFT_VERSION = 4.0;
				TARGETED_DEVICE_FAMILY = 1;
			};
			name = Debug;
		};
		8E068A3C2137FAD3008E365C /* Release */ = {
			isa = XCBuildConfiguration;
			buildSettings = {
				ASSETCATALOG_COMPILER_APPICON_NAME = AppIcon;
				CODE_SIGN_STYLE = Automatic;
				DEVELOPMENT_TEAM = YXA6U83V29;
				INFOPLIST_FILE = "rakutencard-Man/Info.plist";
				LD_RUNPATH_SEARCH_PATHS = (
					"$(inherited)",
					"@executable_path/Frameworks",
				);
				PRODUCT_BUNDLE_IDENTIFIER = "net.tukuyo.rakutencard-Man";
				PRODUCT_NAME = "$(TARGET_NAME)";
				SWIFT_VERSION = 4.0;
				TARGETED_DEVICE_FAMILY = 1;
			};
			name = Release;
		};
/* End XCBuildConfiguration section */

/* Begin XCConfigurationList section */
		8E068A232137FAD3008E365C /* Build configuration list for PBXProject "rakutencard-Man" */ = {
			isa = XCConfigurationList;
			buildConfigurations = (
				8E068A382137FAD3008E365C /* Debug */,
				8E068A392137FAD3008E365C /* Release */,
			);
			defaultConfigurationIsVisible = 0;
			defaultConfigurationName = Release;
		};
		8E068A3A2137FAD3008E365C /* Build configuration list for PBXNativeTarget "rakutencard-Man" */ = {
			isa = XCConfigurationList;
			buildConfigurations = (
				8E068A3B2137FAD3008E365C /* Debug */,
				8E068A3C2137FAD3008E365C /* Release */,
			);
			defaultConfigurationIsVisible = 0;
			defaultConfigurationName = Release;
		};
/* End XCConfigurationList section */
	};
	rootObject = 8E068A202137FAD3008E365C /* Project object */;
}
